
Microsoft Visual Studio Solution File, Format Version 12.00
# Visual Studio Version 17
VisualStudioVersion = 17.3.32922.545
MinimumVisualStudioVersion = 10.0.40219.1
Project("{FAE04EC0-301F-11D3-BF4B-00C04F79EFBC}") = "TargetMaster", "TargetMaster\TargetMaster.csproj", "{254FB314-FAFC-4497-ACD5-BA125EA9D682}"
EndProject
Global
	GlobalSection(SolutionConfigurationPlatforms) = preSolution
		Debug|Any CPU = Debug|Any CPU
		Release|Any CPU = Release|Any CPU
	EndGlobalSection
	GlobalSection(ProjectConfigurationPlatforms) = postSolution
		{254FB314-FAFC-4497-ACD5-BA125EA9D682}.Debug|Any CPU.ActiveCfg = Debug|Any CPU
		{254FB314-FAFC-4497-ACD5-BA125EA9D682}.Debug|Any CPU.Build.0 = Debug|Any CPU
		{254FB314-FAFC-4497-ACD5-BA125EA9D682}.Release|Any CPU.ActiveCfg = Release|Any CPU
		{254FB314-FAFC-4497-ACD5-BA125EA9D682}.Release|Any CPU.Build.0 = Release|Any CPU
	EndGlobalSection
	GlobalSection(SolutionProperties) = preSolution
		HideSolutionNode = FALSE
	EndGlobalSection
	GlobalSection(ExtensibilityGlobals) = postSolution
		SolutionGuid = {1D9F2E7D-75B5-44B9-B992-213EDE42A2B8}
	EndGlobalSection
EndGlobal
